Microsoft Visual Studio Solution File, Format Version 12.00
# Visual Studio Version 17
VisualStudioVersion = 17.5.2.0
MinimumVisualStudioVersion = 10.0.40219.1
Project("{FAE04EC0-301F-11D3-BF4B-00C04F79EFBC}") = "GovSite", "GovSite.csproj", "{7173B782-7A06-8D4F-19A1-4242DFF976CE}"
EndProject
Global
	GlobalSection(SolutionConfigurationPlatforms) = preSolution
		Debug|Any CPU = Debug|Any CPU
		Release|Any CPU = Release|Any CPU
	EndGlobalSection
	GlobalSection(ProjectConfigurationPlatforms) = postSolution
		{7173B782-7A06-8D4F-19A1-4242DFF976CE}.Debug|Any CPU.ActiveCfg = Debug|Any CPU
		{7173B782-7A06-8D4F-19A1-4242DFF976CE}.Debug|Any CPU.Build.0 = Debug|Any CPU
		{7173B782-7A06-8D4F-19A1-4242DFF976CE}.Release|Any CPU.ActiveCfg = Release|Any CPU
		{7173B782-7A06-8D4F-19A1-4242DFF976CE}.Release|Any CPU.Build.0 = Release|Any CPU
	EndGlobalSection
	GlobalSection(SolutionProperties) = preSolution
		HideSolutionNode = FALSE
	EndGlobalSection
	GlobalSection(ExtensibilityGlobals) = postSolution
		SolutionGuid = {A57D3413-1C89-46F1-9EB7-7150A1317BC6}
	EndGlobalSection
EndGlobal
